<?xml version="1.0" encoding="utf-8"?>
<Project ToolsVersion="4.0" xmlns="http://schemas.microsoft.com/developer/msbuild/2003">
  <ItemGroup>
    <ClCompile Include="FramerateVigilante.cpp" />
  </ItemGroup>
  <ItemGroup>
    <Filter Include="IniReader">
      <UniqueIdentifier>{f7107c50-15df-49f3-9832-d57037073419}</UniqueIdentifier>
    </Filter>
  </ItemGroup>
  <ItemGroup>
    <ClInclude Include="IniReader\ini_parser.hpp">
      <Filter>IniReader</Filter>
    </ClInclude>
    <ClInclude Include="IniReader\IniReader.h">
      <Filter>IniReader</Filter>
    </ClInclude>
  </ItemGroup>
</Project>